{
    "_readme": [
        "This file locks the dependencies of your project to a known state",
        "Read more about it at https://getcomposer.org/doc/01-basic-usage.md#installing-dependencies",
        "This file is @generated automatically"
    ],
    "content-hash": "21e1e5916afcacd4e9cd6c0a40421dcf",
    "packages": [],
    "packages-dev": [
        {
            "name": "wordpress",
            "version": "3.9.2",
            "dist": {
                "type": "zip",
                "url": "https://wordpress.org/wordpress-3.9.2.zip"
            },
            "type": "library"
        }
    ],
    "aliases": [],
    "minimum-stability": "stable",
    "stability-flags": [],
    "prefer-stable": false,
    "prefer-lowest": false,
    "platform": {
        "php": ">=5.4"
    },
    "platform-dev": []
}
